
Microsoft Visual Studio Solution File, Format Version 12.00
Project("{FAE04EC0-301F-11D3-BF4B-00C04F79EFBC}") = "FIAP.TechChallenge.ByteMeBurger.Domain", "src\FIAP.TechChallenge.ByteMeBurger.Domain\FIAP.TechChallenge.ByteMeBurger.Domain.csproj", "{B8F244B5-F703-441C-8A8A-C720F605709C}"
EndProject
Project("{2150E333-8FDC-42A3-9474-1A3956D46DE8}") = "src", "src", "{63B625A6-D80F-4C6B-86C4-BEA9F690D4C6}"
EndProject
Project("{2150E333-8FDC-42A3-9474-1A3956D46DE8}") = "tests", "tests", "{C244E1D6-E1EB-4314-9F39-BB59FA1F7C71}"
EndProject
Project("{FAE04EC0-301F-11D3-BF4B-00C04F79EFBC}") = "FIAP.TechChallenge.ByteMeBurger.Domain.Test", "tests\FIAP.TechChallenge.ByteMeBurger.Domain.Test\FIAP.TechChallenge.ByteMeBurger.Domain.Test.csproj", "{F15E9EEE-5E6F-43D4-9F43-D2133CD1C6B8}"
EndProject
Project("{2150E333-8FDC-42A3-9474-1A3956D46DE8}") = "Solution Items", "Solution Items", "{2F192BA8-59FC-4B0C-B59D-511EFA89F428}"
	ProjectSection(SolutionItems) = preProject
		docker-compose.yml = docker-compose.yml
		.env = .env
		.env.template = .env.template
	EndProjectSection
EndProject
Project("{2150E333-8FDC-42A3-9474-1A3956D46DE8}") = "Core", "Core", "{35A721E2-4C27-436D-A461-1BDB9D58DCC8}"
EndProject
Project("{FAE04EC0-301F-11D3-BF4B-00C04F79EFBC}") = "FIAP.TechChallenge.ByteMeBurger.Application", "src\FIAP.TechChallenge.ByteMeBurger.Application\FIAP.TechChallenge.ByteMeBurger.Application.csproj", "{DBAD3C48-1539-4385-AC13-138C2874D7DA}"
EndProject
Project("{2150E333-8FDC-42A3-9474-1A3956D46DE8}") = "Adapter", "Adapter", "{BFD2B822-93CA-4044-9BA1-24BCC297205A}"
EndProject
Project("{2150E333-8FDC-42A3-9474-1A3956D46DE8}") = "Driver", "Driver", "{F485B6E2-C278-41B2-AD87-DE4113B30D6C}"
EndProject
Project("{2150E333-8FDC-42A3-9474-1A3956D46DE8}") = "Driven", "Driven", "{A33B3721-3873-4E78-A3AE-666951CE87ED}"
EndProject
Project("{FAE04EC0-301F-11D3-BF4B-00C04F79EFBC}") = "FIAP.TechChallenge.ByteMeBurger.Api", "src\FIAP.TechChallenge.ByteMeBurger.Api\FIAP.TechChallenge.ByteMeBurger.Api.csproj", "{EDD56D7F-40E4-4422-AF23-CAF55957B40F}"
EndProject
Project("{FAE04EC0-301F-11D3-BF4B-00C04F79EFBC}") = "FIAP.TechChallenge.ByteMeBurger.Application.Test", "tests\FIAP.TechChallenge.ByteMeBurger.Application.Test\FIAP.TechChallenge.ByteMeBurger.Application.Test.csproj", "{E5F09758-090C-4602-A97F-EA9FF88C4E72}"
EndProject
Project("{FAE04EC0-301F-11D3-BF4B-00C04F79EFBC}") = "FIAP.TechChallenge.ByteMeBurger.Api.Test", "tests\FIAP.TechChallenge.ByteMeBurger.Api.Test\FIAP.TechChallenge.ByteMeBurger.Api.Test.csproj", "{54CBE5FB-DD7F-4E56-B913-D830DAB751BE}"
EndProject
Project("{FAE04EC0-301F-11D3-BF4B-00C04F79EFBC}") = "FIAP.TechChallenge.ByteMeBurger.Infrastructure", "src\FIAP.TechChallenge.ByteMeBurger.Infrastructure\FIAP.TechChallenge.ByteMeBurger.Infrastructure.csproj", "{09D890C7-7AA0-40E2-8AA6-6DD47462548D}"
EndProject
Project("{FAE04EC0-301F-11D3-BF4B-00C04F79EFBC}") = "FIAP.TechChallenge.ByteMeBurger.Infrastructure.Test", "tests\FIAP.TechChallenge.ByteMeBurger.Infrastructure.Test\FIAP.TechChallenge.ByteMeBurger.Infrastructure.Test.csproj", "{68F424FA-F00C-4179-A9D5-5026D5C4930C}"
EndProject
Project("{FAE04EC0-301F-11D3-BF4B-00C04F79EFBC}") = "FIAP.TechChallenge.ByteMeBurger.Facade", "src\FIAP.TechChallenge.ByteMeBurger.Facade\FIAP.TechChallenge.ByteMeBurger.Facade.csproj", "{E6A8BE5B-F2DC-4827-9A75-FD217840DDA8}"
EndProject
Global
	GlobalSection(SolutionConfigurationPlatforms) = preSolution
		Debug|Any CPU = Debug|Any CPU
		Release|Any CPU = Release|Any CPU
	EndGlobalSection
	GlobalSection(NestedProjects) = preSolution
		{35A721E2-4C27-436D-A461-1BDB9D58DCC8} = {63B625A6-D80F-4C6B-86C4-BEA9F690D4C6}
		{B8F244B5-F703-441C-8A8A-C720F605709C} = {35A721E2-4C27-436D-A461-1BDB9D58DCC8}
		{DBAD3C48-1539-4385-AC13-138C2874D7DA} = {35A721E2-4C27-436D-A461-1BDB9D58DCC8}
		{BFD2B822-93CA-4044-9BA1-24BCC297205A} = {63B625A6-D80F-4C6B-86C4-BEA9F690D4C6}
		{F485B6E2-C278-41B2-AD87-DE4113B30D6C} = {BFD2B822-93CA-4044-9BA1-24BCC297205A}
		{A33B3721-3873-4E78-A3AE-666951CE87ED} = {BFD2B822-93CA-4044-9BA1-24BCC297205A}
		{EDD56D7F-40E4-4422-AF23-CAF55957B40F} = {F485B6E2-C278-41B2-AD87-DE4113B30D6C}
		{F15E9EEE-5E6F-43D4-9F43-D2133CD1C6B8} = {C244E1D6-E1EB-4314-9F39-BB59FA1F7C71}
		{E5F09758-090C-4602-A97F-EA9FF88C4E72} = {C244E1D6-E1EB-4314-9F39-BB59FA1F7C71}
		{54CBE5FB-DD7F-4E56-B913-D830DAB751BE} = {C244E1D6-E1EB-4314-9F39-BB59FA1F7C71}
		{09D890C7-7AA0-40E2-8AA6-6DD47462548D} = {A33B3721-3873-4E78-A3AE-666951CE87ED}
		{68F424FA-F00C-4179-A9D5-5026D5C4930C} = {C244E1D6-E1EB-4314-9F39-BB59FA1F7C71}
		{E6A8BE5B-F2DC-4827-9A75-FD217840DDA8} = {F485B6E2-C278-41B2-AD87-DE4113B30D6C}
	EndGlobalSection
	GlobalSection(ProjectConfigurationPlatforms) = postSolution
		{B8F244B5-F703-441C-8A8A-C720F605709C}.Debug|Any CPU.ActiveCfg = Debug|Any CPU
		{B8F244B5-F703-441C-8A8A-C720F605709C}.Debug|Any CPU.Build.0 = Debug|Any CPU
		{B8F244B5-F703-441C-8A8A-C720F605709C}.Release|Any CPU.ActiveCfg = Release|Any CPU
		{B8F244B5-F703-441C-8A8A-C720F605709C}.Release|Any CPU.Build.0 = Release|Any CPU
		{F15E9EEE-5E6F-43D4-9F43-D2133CD1C6B8}.Debug|Any CPU.ActiveCfg = Debug|Any CPU
		{F15E9EEE-5E6F-43D4-9F43-D2133CD1C6B8}.Debug|Any CPU.Build.0 = Debug|Any CPU
		{F15E9EEE-5E6F-43D4-9F43-D2133CD1C6B8}.Release|Any CPU.ActiveCfg = Release|Any CPU
		{F15E9EEE-5E6F-43D4-9F43-D2133CD1C6B8}.Release|Any CPU.Build.0 = Release|Any CPU
		{DBAD3C48-1539-4385-AC13-138C2874D7DA}.Debug|Any CPU.ActiveCfg = Debug|Any CPU
		{DBAD3C48-1539-4385-AC13-138C2874D7DA}.Debug|Any CPU.Build.0 = Debug|Any CPU
		{DBAD3C48-1539-4385-AC13-138C2874D7DA}.Release|Any CPU.ActiveCfg = Release|Any CPU
		{DBAD3C48-1539-4385-AC13-138C2874D7DA}.Release|Any CPU.Build.0 = Release|Any CPU
		{EDD56D7F-40E4-4422-AF23-CAF55957B40F}.Debug|Any CPU.ActiveCfg = Debug|Any CPU
		{EDD56D7F-40E4-4422-AF23-CAF55957B40F}.Debug|Any CPU.Build.0 = Debug|Any CPU
		{EDD56D7F-40E4-4422-AF23-CAF55957B40F}.Release|Any CPU.ActiveCfg = Release|Any CPU
		{EDD56D7F-40E4-4422-AF23-CAF55957B40F}.Release|Any CPU.Build.0 = Release|Any CPU
		{E5F09758-090C-4602-A97F-EA9FF88C4E72}.Debug|Any CPU.ActiveCfg = Debug|Any CPU
		{E5F09758-090C-4602-A97F-EA9FF88C4E72}.Debug|Any CPU.Build.0 = Debug|Any CPU
		{E5F09758-090C-4602-A97F-EA9FF88C4E72}.Release|Any CPU.ActiveCfg = Release|Any CPU
		{E5F09758-090C-4602-A97F-EA9FF88C4E72}.Release|Any CPU.Build.0 = Release|Any CPU
		{54CBE5FB-DD7F-4E56-B913-D830DAB751BE}.Debug|Any CPU.ActiveCfg = Debug|Any CPU
		{54CBE5FB-DD7F-4E56-B913-D830DAB751BE}.Debug|Any CPU.Build.0 = Debug|Any CPU
		{54CBE5FB-DD7F-4E56-B913-D830DAB751BE}.Release|Any CPU.ActiveCfg = Release|Any CPU
		{54CBE5FB-DD7F-4E56-B913-D830DAB751BE}.Release|Any CPU.Build.0 = Release|Any CPU
		{09D890C7-7AA0-40E2-8AA6-6DD47462548D}.Debug|Any CPU.ActiveCfg = Debug|Any CPU
		{09D890C7-7AA0-40E2-8AA6-6DD47462548D}.Debug|Any CPU.Build.0 = Debug|Any CPU
		{09D890C7-7AA0-40E2-8AA6-6DD47462548D}.Release|Any CPU.ActiveCfg = Release|Any CPU
		{09D890C7-7AA0-40E2-8AA6-6DD47462548D}.Release|Any CPU.Build.0 = Release|Any CPU
		{68F424FA-F00C-4179-A9D5-5026D5C4930C}.Debug|Any CPU.ActiveCfg = Debug|Any CPU
		{68F424FA-F00C-4179-A9D5-5026D5C4930C}.Debug|Any CPU.Build.0 = Debug|Any CPU
		{68F424FA-F00C-4179-A9D5-5026D5C4930C}.Release|Any CPU.ActiveCfg = Release|Any CPU
		{68F424FA-F00C-4179-A9D5-5026D5C4930C}.Release|Any CPU.Build.0 = Release|Any CPU
		{E6A8BE5B-F2DC-4827-9A75-FD217840DDA8}.Debug|Any CPU.ActiveCfg = Debug|Any CPU
		{E6A8BE5B-F2DC-4827-9A75-FD217840DDA8}.Debug|Any CPU.Build.0 = Debug|Any CPU
		{E6A8BE5B-F2DC-4827-9A75-FD217840DDA8}.Release|Any CPU.ActiveCfg = Release|Any CPU
		{E6A8BE5B-F2DC-4827-9A75-FD217840DDA8}.Release|Any CPU.Build.0 = Release|Any CPU
	EndGlobalSection
EndGlobal
